
Microsoft Visual Studio Solution File, Format Version 12.00
# Visual Studio Version 16
VisualStudioVersion = 16.0.29519.181
MinimumVisualStudioVersion = 10.0.40219.1
Project("{FAE04EC0-301F-11D3-BF4B-00C04F79EFBC}") = "UserSignup", "UserSignup.csproj", "{7DC1728E-66EA-40F7-992D-7D71D6D47707}"
EndProject
Global
	GlobalSection(SolutionConfigurationPlatforms) = preSolution
		Debug|Any CPU = Debug|Any CPU
		Release|Any CPU = Release|Any CPU
	EndGlobalSection
	GlobalSection(ProjectConfigurationPlatforms) = postSolution
		{7DC1728E-66EA-40F7-992D-7D71D6D47707}.Debug|Any CPU.ActiveCfg = Debug|Any CPU
		{7DC1728E-66EA-40F7-992D-7D71D6D47707}.Debug|Any CPU.Build.0 = Debug|Any CPU
		{7DC1728E-66EA-40F7-992D-7D71D6D47707}.Release|Any CPU.ActiveCfg = Release|Any CPU
		{7DC1728E-66EA-40F7-992D-7D71D6D47707}.Release|Any CPU.Build.0 = Release|Any CPU
	EndGlobalSection
	GlobalSection(SolutionProperties) = preSolution
		HideSolutionNode = FALSE
	EndGlobalSection
	GlobalSection(ExtensibilityGlobals) = postSolution
		SolutionGuid = {87FD6443-6828-431D-BC73-9ED650C9F0DA}
	EndGlobalSection
EndGlobal
